// !$*UTF8*$!
{
	archiveVersion = 1;
	classes = {
	};
	objectVersion = 56;
	objects = {

/* Begin PBXBuildFile section */
		651B2B732CB4640100D8EAF1 /* UIView+CornerRadius.swift in Sources */ = {isa = PBXBuildFile; fileRef = 651B2B722CB4640100D8EAF1 /* UIView+CornerRadius.swift */; };
		651B2B772CB465A000D8EAF1 /* CategoryEmojiView.swift in Sources */ = {isa = PBXBuildFile; fileRef = 651B2B762CB465A000D8EAF1 /* CategoryEmojiView.swift */; };
		651B2B7A2CB465E700D8EAF1 /* BaseView.swift in Sources */ = {isa = PBXBuildFile; fileRef = 651B2B792CB465E700D8EAF1 /* BaseView.swift */; };
		651B2B7C2CB4665700D8EAF1 /* CategoryEmojiViewProtocol.swift in Sources */ = {isa = PBXBuildFile; fileRef = 651B2B7B2CB4665700D8EAF1 /* CategoryEmojiViewProtocol.swift */; };
		651B2B7F2CB46F3800D8EAF1 /* RoundedBackgroundView.swift in Sources */ = {isa = PBXBuildFile; fileRef = 651B2B7E2CB46F3800D8EAF1 /* RoundedBackgroundView.swift */; };
		655D78262CB3B17E00773C64 /* AddOperation.swift in Sources */ = {isa = PBXBuildFile; fileRef = 655D78252CB3B17E00773C64 /* AddOperation.swift */; };
		655D78292CB3B1D400773C64 /* AddOperationConfigurator.swift in Sources */ = {isa = PBXBuildFile; fileRef = 655D78282CB3B1D400773C64 /* AddOperationConfigurator.swift */; };
		655D782C2CB3B45500773C64 /* AddOperationViewController.swift in Sources */ = {isa = PBXBuildFile; fileRef = 655D782B2CB3B45500773C64 /* AddOperationViewController.swift */; };
		655D782F2CB3B4C300773C64 /* AddOperationRouter.swift in Sources */ = {isa = PBXBuildFile; fileRef = 655D782E2CB3B4C300773C64 /* AddOperationRouter.swift */; };
		655D78322CB3B4FA00773C64 /* AddOperationInteractor.swift in Sources */ = {isa = PBXBuildFile; fileRef = 655D78312CB3B4FA00773C64 /* AddOperationInteractor.swift */; };
		655D78352CB3B52400773C64 /* AddOperationPresenter.swift in Sources */ = {isa = PBXBuildFile; fileRef = 655D78342CB3B52400773C64 /* AddOperationPresenter.swift */; };
		655D78382CB3D29600773C64 /* ListOperations.swift in Sources */ = {isa = PBXBuildFile; fileRef = 655D78372CB3D29600773C64 /* ListOperations.swift */; };
		655D783F2CB3D31C00773C64 /* ListOperationsConfigurator.swift in Sources */ = {isa = PBXBuildFile; fileRef = 655D783E2CB3D31C00773C64 /* ListOperationsConfigurator.swift */; };
		655D78412CB3D32500773C64 /* ListOperationsViewController.swift in Sources */ = {isa = PBXBuildFile; fileRef = 655D78402CB3D32500773C64 /* ListOperationsViewController.swift */; };
		655D78432CB3D32C00773C64 /* ListOperationsPresenter.swift in Sources */ = {isa = PBXBuildFile; fileRef = 655D78422CB3D32C00773C64 /* ListOperationsPresenter.swift */; };
		655D78452CB3D33200773C64 /* ListOperationsInteractor.swift in Sources */ = {isa = PBXBuildFile; fileRef = 655D78442CB3D33200773C64 /* ListOperationsInteractor.swift */; };
		655D78472CB3D33900773C64 /* ListOperationsRouter.swift in Sources */ = {isa = PBXBuildFile; fileRef = 655D78462CB3D33900773C64 /* ListOperationsRouter.swift */; };
		655D785D2CB3D6D500773C64 /* Profile.swift in Sources */ = {isa = PBXBuildFile; fileRef = 655D785C2CB3D6D500773C64 /* Profile.swift */; };
		655D78642CB3D76700773C64 /* ProfileConfigurator.swift in Sources */ = {isa = PBXBuildFile; fileRef = 655D78632CB3D76700773C64 /* ProfileConfigurator.swift */; };
		655D78662CB3D76C00773C64 /* ProfileViewController.swift in Sources */ = {isa = PBXBuildFile; fileRef = 655D78652CB3D76C00773C64 /* ProfileViewController.swift */; };
		655D78682CB3D77200773C64 /* ProfilePresenter.swift in Sources */ = {isa = PBXBuildFile; fileRef = 655D78672CB3D77200773C64 /* ProfilePresenter.swift */; };
		655D786A2CB3D77700773C64 /* ProfileInteractor.swift in Sources */ = {isa = PBXBuildFile; fileRef = 655D78692CB3D77700773C64 /* ProfileInteractor.swift */; };
		655D786C2CB3D77E00773C64 /* ProfileRouter.swift in Sources */ = {isa = PBXBuildFile; fileRef = 655D786B2CB3D77E00773C64 /* ProfileRouter.swift */; };
		655D786E2CB3DA3700773C64 /* BaseTabBarLocalizable.xcstrings in Resources */ = {isa = PBXBuildFile; fileRef = 655D786D2CB3DA3700773C64 /* BaseTabBarLocalizable.xcstrings */; };
		655D78712CB3DDD900773C64 /* Localizable.swift in Sources */ = {isa = PBXBuildFile; fileRef = 655D78702CB3DDD900773C64 /* Localizable.swift */; };
		655D78742CB3E43400773C64 /* CoreDataManagerProtocol.swift in Sources */ = {isa = PBXBuildFile; fileRef = 655D78732CB3E43400773C64 /* CoreDataManagerProtocol.swift */; };
		655D78772CB3E4D500773C64 /* CoreDataManager.swift in Sources */ = {isa = PBXBuildFile; fileRef = 655D78762CB3E4D500773C64 /* CoreDataManager.swift */; };
		655D787E2CB3E5BE00773C64 /* PersistentContainer.xcdatamodeld in Sources */ = {isa = PBXBuildFile; fileRef = 655D787C2CB3E5BE00773C64 /* PersistentContainer.xcdatamodeld */; };
		655D78812CB3EAE900773C64 /* UIColor+EncodeToData.swift in Sources */ = {isa = PBXBuildFile; fileRef = 655D78802CB3EAE900773C64 /* UIColor+EncodeToData.swift */; };
		655D78842CB3EB1200773C64 /* Data+DecodeToColor.swift in Sources */ = {isa = PBXBuildFile; fileRef = 655D78832CB3EB1200773C64 /* Data+DecodeToColor.swift */; };
		655D78932CB3EEBB00773C64 /* CategoryEntity+CoreDataClass.swift in Sources */ = {isa = PBXBuildFile; fileRef = 655D78912CB3EEBB00773C64 /* CategoryEntity+CoreDataClass.swift */; };
		655D78942CB3EEBB00773C64 /* CategoryEntity+CoreDataProperties.swift in Sources */ = {isa = PBXBuildFile; fileRef = 655D78922CB3EEBB00773C64 /* CategoryEntity+CoreDataProperties.swift */; };
		655D789A2CB3EEED00773C64 /* OperationEntity+CoreDataClass.swift in Sources */ = {isa = PBXBuildFile; fileRef = 655D78982CB3EEED00773C64 /* OperationEntity+CoreDataClass.swift */; };
		655D789B2CB3EEED00773C64 /* OperationEntity+CoreDataProperties.swift in Sources */ = {isa = PBXBuildFile; fileRef = 655D78992CB3EEED00773C64 /* OperationEntity+CoreDataProperties.swift */; };
		655D78A22CB3F1FB00773C64 /* Injected.swift in Sources */ = {isa = PBXBuildFile; fileRef = 655D78A12CB3F1FB00773C64 /* Injected.swift */; };
		655D78A72CB3F57F00773C64 /* UILabel+ExtractColor.swift in Sources */ = {isa = PBXBuildFile; fileRef = 655D78A62CB3F57F00773C64 /* UILabel+ExtractColor.swift */; };
		655D78AA2CB3FC3700773C64 /* LargeHeaderReusableView.swift in Sources */ = {isa = PBXBuildFile; fileRef = 655D78A92CB3FC3700773C64 /* LargeHeaderReusableView.swift */; };
		655D78AE2CB3FC5A00773C64 /* BaseCollectionReusableView.swift in Sources */ = {isa = PBXBuildFile; fileRef = 655D78AD2CB3FC5A00773C64 /* BaseCollectionReusableView.swift */; };
		655D78B12CB3FD8500773C64 /* LargeHeaderReusableViewProtocol.swift in Sources */ = {isa = PBXBuildFile; fileRef = 655D78B02CB3FD8500773C64 /* LargeHeaderReusableViewProtocol.swift */; };
		655D78B32CB4060B00773C64 /* LargeHeaderReusableViewDelegate.swift in Sources */ = {isa = PBXBuildFile; fileRef = 655D78B22CB4060A00773C64 /* LargeHeaderReusableViewDelegate.swift */; };
		655D78B62CB4086D00773C64 /* CollectionViewContaining.swift in Sources */ = {isa = PBXBuildFile; fileRef = 655D78B52CB4086D00773C64 /* CollectionViewContaining.swift */; };
		655D78BA2CB40ABE00773C64 /* UICollectionView+Register.swift in Sources */ = {isa = PBXBuildFile; fileRef = 655D78B92CB40ABE00773C64 /* UICollectionView+Register.swift */; };
		655D78C02CB40B1100773C64 /* BaseCollectionViewCell.swift in Sources */ = {isa = PBXBuildFile; fileRef = 655D78BF2CB40B1100773C64 /* BaseCollectionViewCell.swift */; };
		655D78C32CB40B5800773C64 /* ReusableView.swift in Sources */ = {isa = PBXBuildFile; fileRef = 655D78C22CB40B5800773C64 /* ReusableView.swift */; };
		655D78C82CB41B7300773C64 /* DynamicSections.swift in Sources */ = {isa = PBXBuildFile; fileRef = 655D78C72CB41B7300773C64 /* DynamicSections.swift */; };
		655D78CA2CB41EC400773C64 /* ListOperationsCategoryCell.swift in Sources */ = {isa = PBXBuildFile; fileRef = 655D78C92CB41EC400773C64 /* ListOperationsCategoryCell.swift */; };
		655D78CC2CB41ED400773C64 /* ListOperationsCategoryCellLayout.swift in Sources */ = {isa = PBXBuildFile; fileRef = 655D78CB2CB41ED400773C64 /* ListOperationsCategoryCellLayout.swift */; };
		655D78CE2CB41EE200773C64 /* ListOperationsCategoryCellProtocol.swift in Sources */ = {isa = PBXBuildFile; fileRef = 655D78CD2CB41EE200773C64 /* ListOperationsCategoryCellProtocol.swift */; };
		6564E8F82CB65C3000262A90 /* ListOperationsCalendarDayCell.swift in Sources */ = {isa = PBXBuildFile; fileRef = 6564E8F72CB65C3000262A90 /* ListOperationsCalendarDayCell.swift */; };
		6564E8FA2CB65C5800262A90 /* ListOperationsCalendarDayCellProtocol.swift in Sources */ = {isa = PBXBuildFile; fileRef = 6564E8F92CB65C5800262A90 /* ListOperationsCalendarDayCellProtocol.swift */; };
		6564E9032CB6625F00262A90 /* ListOperationsCalendarDayCellLayout.swift in Sources */ = {isa = PBXBuildFile; fileRef = 6564E9022CB6625F00262A90 /* ListOperationsCalendarDayCellLayout.swift */; };
		6564E9092CB66ACB00262A90 /* CalendarHeaderReusableViewProtocol.swift in Sources */ = {isa = PBXBuildFile; fileRef = 6564E9082CB66ACB00262A90 /* CalendarHeaderReusableViewProtocol.swift */; };
		6564E90B2CB66AD300262A90 /* CalendarHeaderReusableViewDelegate.swift in Sources */ = {isa = PBXBuildFile; fileRef = 6564E90A2CB66AD300262A90 /* CalendarHeaderReusableViewDelegate.swift */; };
		6564E90D2CB66ADA00262A90 /* CalendarHeaderReusableView.swift in Sources */ = {isa = PBXBuildFile; fileRef = 6564E90C2CB66ADA00262A90 /* CalendarHeaderReusableView.swift */; };
		6564E90F2CB6739200262A90 /* UIColor+BorderColor.swift in Sources */ = {isa = PBXBuildFile; fileRef = 6564E90E2CB6739200262A90 /* UIColor+BorderColor.swift */; };
		6564E9122CB6872700262A90 /* TopRoundedBackgroundView.swift in Sources */ = {isa = PBXBuildFile; fileRef = 6564E9112CB6872700262A90 /* TopRoundedBackgroundView.swift */; };
		6564E9152CB6880C00262A90 /* BottomRoundedBackgroundView.swift in Sources */ = {isa = PBXBuildFile; fileRef = 6564E9142CB6880C00262A90 /* BottomRoundedBackgroundView.swift */; };
		6564E9182CB689FA00262A90 /* ListOperationsOperationCell.swift in Sources */ = {isa = PBXBuildFile; fileRef = 6564E9172CB689F900262A90 /* ListOperationsOperationCell.swift */; };
		6564E91A2CB68A0400262A90 /* ListOperationsOperationCellProtocol.swift in Sources */ = {isa = PBXBuildFile; fileRef = 6564E9192CB68A0400262A90 /* ListOperationsOperationCellProtocol.swift */; };
		6564E91C2CB692ED00262A90 /* ListOperationsOperationCellLayout.swift in Sources */ = {isa = PBXBuildFile; fileRef = 6564E91B2CB692ED00262A90 /* ListOperationsOperationCellLayout.swift */; };
		6564E91F2CB6995700262A90 /* AllOperationsFooterReusableView.swift in Sources */ = {isa = PBXBuildFile; fileRef = 6564E91E2CB6995700262A90 /* AllOperationsFooterReusableView.swift */; };
		6564E9212CB6996000262A90 /* AllOperationsFooterReusableViewDelegate.swift in Sources */ = {isa = PBXBuildFile; fileRef = 6564E9202CB6996000262A90 /* AllOperationsFooterReusableViewDelegate.swift */; };
		6564E9232CB6996700262A90 /* AllOperationsFooterReusableViewProtocol.swift in Sources */ = {isa = PBXBuildFile; fileRef = 6564E9222CB6996700262A90 /* AllOperationsFooterReusableViewProtocol.swift */; };
		6564E9262CB69EF800262A90 /* UIView+ShakeAnimation.swift in Sources */ = {isa = PBXBuildFile; fileRef = 6564E9252CB69EF800262A90 /* UIView+ShakeAnimation.swift */; };
		657A16062CB27C7C00C6CF1F /* AppDelegate.swift in Sources */ = {isa = PBXBuildFile; fileRef = 657A16052CB27C7C00C6CF1F /* AppDelegate.swift */; };
		657A16082CB27C7C00C6CF1F /* SceneDelegate.swift in Sources */ = {isa = PBXBuildFile; fileRef = 657A16072CB27C7C00C6CF1F /* SceneDelegate.swift */; };
		657A160F2CB27C7D00C6CF1F /* Assets.xcassets in Resources */ = {isa = PBXBuildFile; fileRef = 657A160E2CB27C7D00C6CF1F /* Assets.xcassets */; };
		657A16122CB27C7D00C6CF1F /* Base in Resources */ = {isa = PBXBuildFile; fileRef = 657A16112CB27C7D00C6CF1F /* Base */; };
		657A16252CB2F64F00C6CF1F /* BaseViewController.swift in Sources */ = {isa = PBXBuildFile; fileRef = 657A16242CB2F64F00C6CF1F /* BaseViewController.swift */; };
		657A16292CB2F83E00C6CF1F /* ServiceLocatorProtocol.swift in Sources */ = {isa = PBXBuildFile; fileRef = 657A16282CB2F83E00C6CF1F /* ServiceLocatorProtocol.swift */; };
		657A162B2CB2F86F00C6CF1F /* ServiceLocator.swift in Sources */ = {isa = PBXBuildFile; fileRef = 657A162A2CB2F86F00C6CF1F /* ServiceLocator.swift */; };
		657A162E2CB2F8A800C6CF1F /* ConfiguratorProtocol.swift in Sources */ = {isa = PBXBuildFile; fileRef = 657A162D2CB2F8A800C6CF1F /* ConfiguratorProtocol.swift */; };
		657A16312CB2F94800C6CF1F /* ModuleProtocol.swift in Sources */ = {isa = PBXBuildFile; fileRef = 657A16302CB2F94800C6CF1F /* ModuleProtocol.swift */; };
		657A16342CB3A9F400C6CF1F /* BaseTabBarController.swift in Sources */ = {isa = PBXBuildFile; fileRef = 657A16332CB3A9F400C6CF1F /* BaseTabBarController.swift */; };
		657A16362CB3AA6300C6CF1F /* TabBarItemProtocol.swift in Sources */ = {isa = PBXBuildFile; fileRef = 657A16352CB3AA6300C6CF1F /* TabBarItemProtocol.swift */; };
		657A16392CB3AAD100C6CF1F /* TabBarItem.swift in Sources */ = {isa = PBXBuildFile; fileRef = 657A16382CB3AAD100C6CF1F /* TabBarItem.swift */; };
/* End PBXBuildFile section */

/* Begin PBXFileReference section */
		651B2B722CB4640100D8EAF1 /* UIView+CornerRadius.swift */ = {isa = PBXFileReference; lastKnownFileType = sourcecode.swift; path = "UIView+CornerRadius.swift"; sourceTree = "<group>"; };
		651B2B762CB465A000D8EAF1 /* CategoryEmojiView.swift */ = {isa = PBXFileReference; lastKnownFileType = sourcecode.swift; path = CategoryEmojiView.swift; sourceTree = "<group>"; };
		651B2B792CB465E700D8EAF1 /* BaseView.swift */ = {isa = PBXFileReference; lastKnownFileType = sourcecode.swift; path = BaseView.swift; sourceTree = "<group>"; };
		651B2B7B2CB4665700D8EAF1 /* CategoryEmojiViewProtocol.swift */ = {isa = PBXFileReference; lastKnownFileType = sourcecode.swift; path = CategoryEmojiViewProtocol.swift; sourceTree = "<group>"; };
		651B2B7E2CB46F3800D8EAF1 /* RoundedBackgroundView.swift */ = {isa = PBXFileReference; lastKnownFileType = sourcecode.swift; path = RoundedBackgroundView.swift; sourceTree = "<group>"; };
		655D78252CB3B17E00773C64 /* AddOperation.swift */ = {isa = PBXFileReference; lastKnownFileType = sourcecode.swift; path = AddOperation.swift; sourceTree = "<group>"; };
		655D78282CB3B1D400773C64 /* AddOperationConfigurator.swift */ = {isa = PBXFileReference; lastKnownFileType = sourcecode.swift; path = AddOperationConfigurator.swift; sourceTree = "<group>"; };
		655D782B2CB3B45500773C64 /* AddOperationViewController.swift */ = {isa = PBXFileReference; lastKnownFileType = sourcecode.swift; path = AddOperationViewController.swift; sourceTree = "<group>"; };
		655D782E2CB3B4C300773C64 /* AddOperationRouter.swift */ = {isa = PBXFileReference; lastKnownFileType = sourcecode.swift; path = AddOperationRouter.swift; sourceTree = "<group>"; };
		655D78312CB3B4FA00773C64 /* AddOperationInteractor.swift */ = {isa = PBXFileReference; lastKnownFileType = sourcecode.swift; path = AddOperationInteractor.swift; sourceTree = "<group>"; };
		655D78342CB3B52400773C64 /* AddOperationPresenter.swift */ = {isa = PBXFileReference; lastKnownFileType = sourcecode.swift; path = AddOperationPresenter.swift; sourceTree = "<group>"; };
		655D78372CB3D29600773C64 /* ListOperations.swift */ = {isa = PBXFileReference; lastKnownFileType = sourcecode.swift; path = ListOperations.swift; sourceTree = "<group>"; };
		655D783E2CB3D31C00773C64 /* ListOperationsConfigurator.swift */ = {isa = PBXFileReference; lastKnownFileType = sourcecode.swift; path = ListOperationsConfigurator.swift; sourceTree = "<group>"; };
		655D78402CB3D32500773C64 /* ListOperationsViewController.swift */ = {isa = PBXFileReference; lastKnownFileType = sourcecode.swift; path = ListOperationsViewController.swift; sourceTree = "<group>"; };
		655D78422CB3D32C00773C64 /* ListOperationsPresenter.swift */ = {isa = PBXFileReference; lastKnownFileType = sourcecode.swift; path = ListOperationsPresenter.swift; sourceTree = "<group>"; };
		655D78442CB3D33200773C64 /* ListOperationsInteractor.swift */ = {isa = PBXFileReference; lastKnownFileType = sourcecode.swift; path = ListOperationsInteractor.swift; sourceTree = "<group>"; };
		655D78462CB3D33900773C64 /* ListOperationsRouter.swift */ = {isa = PBXFileReference; lastKnownFileType = sourcecode.swift; path = ListOperationsRouter.swift; sourceTree = "<group>"; };
		655D785C2CB3D6D500773C64 /* Profile.swift */ = {isa = PBXFileReference; lastKnownFileType = sourcecode.swift; path = Profile.swift; sourceTree = "<group>"; };
		655D78632CB3D76700773C64 /* ProfileConfigurator.swift */ = {isa = PBXFileReference; lastKnownFileType = sourcecode.swift; path = ProfileConfigurator.swift; sourceTree = "<group>"; };
		655D78652CB3D76C00773C64 /* ProfileViewController.swift */ = {isa = PBXFileReference; lastKnownFileType = sourcecode.swift; path = ProfileViewController.swift; sourceTree = "<group>"; };
		655D78672CB3D77200773C64 /* ProfilePresenter.swift */ = {isa = PBXFileReference; lastKnownFileType = sourcecode.swift; path = ProfilePresenter.swift; sourceTree = "<group>"; };
		655D78692CB3D77700773C64 /* ProfileInteractor.swift */ = {isa = PBXFileReference; lastKnownFileType = sourcecode.swift; path = ProfileInteractor.swift; sourceTree = "<group>"; };
		655D786B2CB3D77E00773C64 /* ProfileRouter.swift */ = {isa = PBXFileReference; lastKnownFileType = sourcecode.swift; path = ProfileRouter.swift; sourceTree = "<group>"; };
		655D786D2CB3DA3700773C64 /* BaseTabBarLocalizable.xcstrings */ = {isa = PBXFileReference; lastKnownFileType = text.json.xcstrings; path = BaseTabBarLocalizable.xcstrings; sourceTree = "<group>"; };
		655D78702CB3DDD900773C64 /* Localizable.swift */ = {isa = PBXFileReference; lastKnownFileType = sourcecode.swift; path = Localizable.swift; sourceTree = "<group>"; };
		655D78732CB3E43400773C64 /* CoreDataManagerProtocol.swift */ = {isa = PBXFileReference; lastKnownFileType = sourcecode.swift; path = CoreDataManagerProtocol.swift; sourceTree = "<group>"; };
		655D78762CB3E4D500773C64 /* CoreDataManager.swift */ = {isa = PBXFileReference; lastKnownFileType = sourcecode.swift; path = CoreDataManager.swift; sourceTree = "<group>"; };
		655D787D2CB3E5BE00773C64 /* PersistentContainer.xcdatamodel */ = {isa = PBXFileReference; lastKnownFileType = wrapper.xcdatamodel; path = PersistentContainer.xcdatamodel; sourceTree = "<group>"; };
		655D78802CB3EAE900773C64 /* UIColor+EncodeToData.swift */ = {isa = PBXFileReference; lastKnownFileType = sourcecode.swift; path = "UIColor+EncodeToData.swift"; sourceTree = "<group>"; };
		655D78832CB3EB1200773C64 /* Data+DecodeToColor.swift */ = {isa = PBXFileReference; lastKnownFileType = sourcecode.swift; path = "Data+DecodeToColor.swift"; sourceTree = "<group>"; };
		655D78912CB3EEBB00773C64 /* CategoryEntity+CoreDataClass.swift */ = {isa = PBXFileReference; lastKnownFileType = sourcecode.swift; path = "CategoryEntity+CoreDataClass.swift"; sourceTree = "<group>"; };
		655D78922CB3EEBB00773C64 /* CategoryEntity+CoreDataProperties.swift */ = {isa = PBXFileReference; lastKnownFileType = sourcecode.swift; path = "CategoryEntity+CoreDataProperties.swift"; sourceTree = "<group>"; };
		655D78982CB3EEED00773C64 /* OperationEntity+CoreDataClass.swift */ = {isa = PBXFileReference; lastKnownFileType = sourcecode.swift; path = "OperationEntity+CoreDataClass.swift"; sourceTree = "<group>"; };
		655D78992CB3EEED00773C64 /* OperationEntity+CoreDataProperties.swift */ = {isa = PBXFileReference; lastKnownFileType = sourcecode.swift; path = "OperationEntity+CoreDataProperties.swift"; sourceTree = "<group>"; };
		655D78A12CB3F1FB00773C64 /* Injected.swift */ = {isa = PBXFileReference; lastKnownFileType = sourcecode.swift; path = Injected.swift; sourceTree = "<group>"; };
		655D78A62CB3F57F00773C64 /* UILabel+ExtractColor.swift */ = {isa = PBXFileReference; lastKnownFileType = sourcecode.swift; path = "UILabel+ExtractColor.swift"; sourceTree = "<group>"; };
		655D78A92CB3FC3700773C64 /* LargeHeaderReusableView.swift */ = {isa = PBXFileReference; lastKnownFileType = sourcecode.swift; path = LargeHeaderReusableView.swift; sourceTree = "<group>"; };
		655D78AD2CB3FC5A00773C64 /* BaseCollectionReusableView.swift */ = {isa = PBXFileReference; lastKnownFileType = sourcecode.swift; path = BaseCollectionReusableView.swift; sourceTree = "<group>"; };
		655D78B02CB3FD8500773C64 /* LargeHeaderReusableViewProtocol.swift */ = {isa = PBXFileReference; lastKnownFileType = sourcecode.swift; path = LargeHeaderReusableViewProtocol.swift; sourceTree = "<group>"; };
		655D78B22CB4060A00773C64 /* LargeHeaderReusableViewDelegate.swift */ = {isa = PBXFileReference; lastKnownFileType = sourcecode.swift; path = LargeHeaderReusableViewDelegate.swift; sourceTree = "<group>"; };
		655D78B52CB4086D00773C64 /* CollectionViewContaining.swift */ = {isa = PBXFileReference; lastKnownFileType = sourcecode.swift; path = CollectionViewContaining.swift; sourceTree = "<group>"; };
		655D78B92CB40ABE00773C64 /* UICollectionView+Register.swift */ = {isa = PBXFileReference; lastKnownFileType = sourcecode.swift; path = "UICollectionView+Register.swift"; sourceTree = "<group>"; };
		655D78BF2CB40B1100773C64 /* BaseCollectionViewCell.swift */ = {isa = PBXFileReference; lastKnownFileType = sourcecode.swift; path = BaseCollectionViewCell.swift; sourceTree = "<group>"; };
		655D78C22CB40B5800773C64 /* ReusableView.swift */ = {isa = PBXFileReference; lastKnownFileType = sourcecode.swift; path = ReusableView.swift; sourceTree = "<group>"; };
		655D78C72CB41B7300773C64 /* DynamicSections.swift */ = {isa = PBXFileReference; lastKnownFileType = sourcecode.swift; path = DynamicSections.swift; sourceTree = "<group>"; };
		655D78C92CB41EC400773C64 /* ListOperationsCategoryCell.swift */ = {isa = PBXFileReference; lastKnownFileType = sourcecode.swift; path = ListOperationsCategoryCell.swift; sourceTree = "<group>"; };
		655D78CB2CB41ED400773C64 /* ListOperationsCategoryCellLayout.swift */ = {isa = PBXFileReference; lastKnownFileType = sourcecode.swift; path = ListOperationsCategoryCellLayout.swift; sourceTree = "<group>"; };
		655D78CD2CB41EE200773C64 /* ListOperationsCategoryCellProtocol.swift */ = {isa = PBXFileReference; lastKnownFileType = sourcecode.swift; path = ListOperationsCategoryCellProtocol.swift; sourceTree = "<group>"; };
		6564E8F72CB65C3000262A90 /* ListOperationsCalendarDayCell.swift */ = {isa = PBXFileReference; lastKnownFileType = sourcecode.swift; path = ListOperationsCalendarDayCell.swift; sourceTree = "<group>"; };
		6564E8F92CB65C5800262A90 /* ListOperationsCalendarDayCellProtocol.swift */ = {isa = PBXFileReference; lastKnownFileType = sourcecode.swift; path = ListOperationsCalendarDayCellProtocol.swift; sourceTree = "<group>"; };
		6564E9022CB6625F00262A90 /* ListOperationsCalendarDayCellLayout.swift */ = {isa = PBXFileReference; lastKnownFileType = sourcecode.swift; path = ListOperationsCalendarDayCellLayout.swift; sourceTree = "<group>"; };
		6564E9082CB66ACB00262A90 /* CalendarHeaderReusableViewProtocol.swift */ = {isa = PBXFileReference; lastKnownFileType = sourcecode.swift; path = CalendarHeaderReusableViewProtocol.swift; sourceTree = "<group>"; };
		6564E90A2CB66AD300262A90 /* CalendarHeaderReusableViewDelegate.swift */ = {isa = PBXFileReference; lastKnownFileType = sourcecode.swift; path = CalendarHeaderReusableViewDelegate.swift; sourceTree = "<group>"; };
		6564E90C2CB66ADA00262A90 /* CalendarHeaderReusableView.swift */ = {isa = PBXFileReference; lastKnownFileType = sourcecode.swift; path = CalendarHeaderReusableView.swift; sourceTree = "<group>"; };
		6564E90E2CB6739200262A90 /* UIColor+BorderColor.swift */ = {isa = PBXFileReference; lastKnownFileType = sourcecode.swift; path = "UIColor+BorderColor.swift"; sourceTree = "<group>"; };
		6564E9112CB6872700262A90 /* TopRoundedBackgroundView.swift */ = {isa = PBXFileReference; lastKnownFileType = sourcecode.swift; path = TopRoundedBackgroundView.swift; sourceTree = "<group>"; };
		6564E9142CB6880C00262A90 /* BottomRoundedBackgroundView.swift */ = {isa = PBXFileReference; lastKnownFileType = sourcecode.swift; path = BottomRoundedBackgroundView.swift; sourceTree = "<group>"; };
		6564E9172CB689F900262A90 /* ListOperationsOperationCell.swift */ = {isa = PBXFileReference; lastKnownFileType = sourcecode.swift; path = ListOperationsOperationCell.swift; sourceTree = "<group>"; };
		6564E9192CB68A0400262A90 /* ListOperationsOperationCellProtocol.swift */ = {isa = PBXFileReference; lastKnownFileType = sourcecode.swift; path = ListOperationsOperationCellProtocol.swift; sourceTree = "<group>"; };
		6564E91B2CB692ED00262A90 /* ListOperationsOperationCellLayout.swift */ = {isa = PBXFileReference; lastKnownFileType = sourcecode.swift; path = ListOperationsOperationCellLayout.swift; sourceTree = "<group>"; };
		6564E91E2CB6995700262A90 /* AllOperationsFooterReusableView.swift */ = {isa = PBXFileReference; lastKnownFileType = sourcecode.swift; path = AllOperationsFooterReusableView.swift; sourceTree = "<group>"; };
		6564E9202CB6996000262A90 /* AllOperationsFooterReusableViewDelegate.swift */ = {isa = PBXFileReference; lastKnownFileType = sourcecode.swift; path = AllOperationsFooterReusableViewDelegate.swift; sourceTree = "<group>"; };
		6564E9222CB6996700262A90 /* AllOperationsFooterReusableViewProtocol.swift */ = {isa = PBXFileReference; lastKnownFileType = sourcecode.swift; path = AllOperationsFooterReusableViewProtocol.swift; sourceTree = "<group>"; };
		6564E9252CB69EF800262A90 /* UIView+ShakeAnimation.swift */ = {isa = PBXFileReference; lastKnownFileType = sourcecode.swift; path = "UIView+ShakeAnimation.swift"; sourceTree = "<group>"; };
		657A16022CB27C7C00C6CF1F /* CoinPulse-iOS.app */ = {isa = PBXFileReference; explicitFileType = wrapper.application; includeInIndex = 0; path = "CoinPulse-iOS.app"; sourceTree = BUILT_PRODUCTS_DIR; };
		657A16052CB27C7C00C6CF1F /* AppDelegate.swift */ = {isa = PBXFileReference; lastKnownFileType = sourcecode.swift; path = AppDelegate.swift; sourceTree = "<group>"; };
		657A16072CB27C7C00C6CF1F /* SceneDelegate.swift */ = {isa = PBXFileReference; lastKnownFileType = sourcecode.swift; path = SceneDelegate.swift; sourceTree = "<group>"; };
		657A160E2CB27C7D00C6CF1F /* Assets.xcassets */ = {isa = PBXFileReference; lastKnownFileType = folder.assetcatalog; path = Assets.xcassets; sourceTree = "<group>"; };
		657A16112CB27C7D00C6CF1F /* Base */ = {isa = PBXFileReference; lastKnownFileType = file.storyboard; name = Base; path = Base.lproj/LaunchScreen.storyboard; sourceTree = "<group>"; };
		657A16132CB27C7D00C6CF1F /* Info.plist */ = {isa = PBXFileReference; lastKnownFileType = text.plist.xml; path = Info.plist; sourceTree = "<group>"; };
		657A16242CB2F64F00C6CF1F /* BaseViewController.swift */ = {isa = PBXFileReference; lastKnownFileType = sourcecode.swift; path = BaseViewController.swift; sourceTree = "<group>"; };
		657A16282CB2F83E00C6CF1F /* ServiceLocatorProtocol.swift */ = {isa = PBXFileReference; lastKnownFileType = sourcecode.swift; path = ServiceLocatorProtocol.swift; sourceTree = "<group>"; };
		657A162A2CB2F86F00C6CF1F /* ServiceLocator.swift */ = {isa = PBXFileReference; lastKnownFileType = sourcecode.swift; path = ServiceLocator.swift; sourceTree = "<group>"; };
		657A162D2CB2F8A800C6CF1F /* ConfiguratorProtocol.swift */ = {isa = PBXFileReference; lastKnownFileType = sourcecode.swift; path = ConfiguratorProtocol.swift; sourceTree = "<group>"; };
		657A16302CB2F94800C6CF1F /* ModuleProtocol.swift */ = {isa = PBXFileReference; lastKnownFileType = sourcecode.swift; path = ModuleProtocol.swift; sourceTree = "<group>"; };
		657A16332CB3A9F400C6CF1F /* BaseTabBarController.swift */ = {isa = PBXFileReference; lastKnownFileType = sourcecode.swift; path = BaseTabBarController.swift; sourceTree = "<group>"; };
		657A16352CB3AA6300C6CF1F /* TabBarItemProtocol.swift */ = {isa = PBXFileReference; lastKnownFileType = sourcecode.swift; path = TabBarItemProtocol.swift; sourceTree = "<group>"; };
		657A16382CB3AAD100C6CF1F /* TabBarItem.swift */ = {isa = PBXFileReference; lastKnownFileType = sourcecode.swift; path = TabBarItem.swift; sourceTree = "<group>"; };
/* End PBXFileReference section */

/* Begin PBXFrameworksBuildPhase section */
		657A15FF2CB27C7C00C6CF1F /* Frameworks */ = {
			isa = PBXFrameworksBuildPhase;
			buildActionMask = 2147483647;
			files = (
			);
			runOnlyForDeploymentPostprocessing = 0;
		};
/* End PBXFrameworksBuildPhase section */

/* Begin PBXGroup section */
		651B2B712CB463F800D8EAF1 /* UIView */ = {
			isa = PBXGroup;
			children = (
				6564E9242CB69EE600262A90 /* Animation */,
				651B2B722CB4640100D8EAF1 /* UIView+CornerRadius.swift */,
				6564E90E2CB6739200262A90 /* UIColor+BorderColor.swift */,
			);
			path = UIView;
			sourceTree = "<group>";
		};
		651B2B742CB4658500D8EAF1 /* UIView */ = {
			isa = PBXGroup;
			children = (
				651B2B752CB4659000D8EAF1 /* CategoryEmojiView */,
			);
			path = UIView;
			sourceTree = "<group>";
		};
		651B2B752CB4659000D8EAF1 /* CategoryEmojiView */ = {
			isa = PBXGroup;
			children = (
				651B2B7B2CB4665700D8EAF1 /* CategoryEmojiViewProtocol.swift */,
				651B2B762CB465A000D8EAF1 /* CategoryEmojiView.swift */,
			);
			path = CategoryEmojiView;
			sourceTree = "<group>";
		};
		651B2B782CB465E000D8EAF1 /* BaseView */ = {
			isa = PBXGroup;
			children = (
				651B2B792CB465E700D8EAF1 /* BaseView.swift */,
			);
			path = BaseView;
			sourceTree = "<group>";
		};
		651B2B7D2CB46F3100D8EAF1 /* RoundedBackgroundView */ = {
			isa = PBXGroup;
			children = (
				651B2B7E2CB46F3800D8EAF1 /* RoundedBackgroundView.swift */,
			);
			path = RoundedBackgroundView;
			sourceTree = "<group>";
		};
		655D78242CB3B16B00773C64 /* AddOperation */ = {
			isa = PBXGroup;
			children = (
				655D78252CB3B17E00773C64 /* AddOperation.swift */,
				655D78272CB3B1C600773C64 /* Configurator */,
				655D782A2CB3B44800773C64 /* ViewController */,
				655D78332CB3B51000773C64 /* Presenter */,
				655D78302CB3B4E900773C64 /* Interactor */,
				655D782D2CB3B4B500773C64 /* Router */,
			);
			path = AddOperation;
			sourceTree = "<group>";
		};
		655D78272CB3B1C600773C64 /* Configurator */ = {
			isa = PBXGroup;
			children = (
				655D78282CB3B1D400773C64 /* AddOperationConfigurator.swift */,
			);
			path = Configurator;
			sourceTree = "<group>";
		};
		655D782A2CB3B44800773C64 /* ViewController */ = {
			isa = PBXGroup;
			children = (
				655D782B2CB3B45500773C64 /* AddOperationViewController.swift */,
			);
			path = ViewController;
			sourceTree = "<group>";
		};
		655D782D2CB3B4B500773C64 /* Router */ = {
			isa = PBXGroup;
			children = (
				655D782E2CB3B4C300773C64 /* AddOperationRouter.swift */,
			);
			path = Router;
			sourceTree = "<group>";
		};
		655D78302CB3B4E900773C64 /* Interactor */ = {
			isa = PBXGroup;
			children = (
				655D78312CB3B4FA00773C64 /* AddOperationInteractor.swift */,
			);
			path = Interactor;
			sourceTree = "<group>";
		};
		655D78332CB3B51000773C64 /* Presenter */ = {
			isa = PBXGroup;
			children = (
				655D78342CB3B52400773C64 /* AddOperationPresenter.swift */,
			);
			path = Presenter;
			sourceTree = "<group>";
		};
		655D78362CB3D21B00773C64 /* ListOperations */ = {
			isa = PBXGroup;
			children = (
				655D78372CB3D29600773C64 /* ListOperations.swift */,
				655D78392CB3D2EB00773C64 /* Configurator */,
				655D783A2CB3D2EE00773C64 /* ViewController */,
				655D783C2CB3D2F900773C64 /* Presenter */,
				655D783B2CB3D2F600773C64 /* Interactor */,
				655D783D2CB3D2FC00773C64 /* Router */,
			);
			path = ListOperations;
			sourceTree = "<group>";
		};
		655D78392CB3D2EB00773C64 /* Configurator */ = {
			isa = PBXGroup;
			children = (
				655D783E2CB3D31C00773C64 /* ListOperationsConfigurator.swift */,
			);
			path = Configurator;
			sourceTree = "<group>";
		};
		655D783A2CB3D2EE00773C64 /* ViewController */ = {
			isa = PBXGroup;
			children = (
				655D78B72CB40A5D00773C64 /* Cells */,
				655D78402CB3D32500773C64 /* ListOperationsViewController.swift */,
			);
			path = ViewController;
			sourceTree = "<group>";
		};
		655D783B2CB3D2F600773C64 /* Interactor */ = {
			isa = PBXGroup;
			children = (
				655D78442CB3D33200773C64 /* ListOperationsInteractor.swift */,
			);
			path = Interactor;
			sourceTree = "<group>";
		};
		655D783C2CB3D2F900773C64 /* Presenter */ = {
			isa = PBXGroup;
			children = (
				655D78422CB3D32C00773C64 /* ListOperationsPresenter.swift */,
			);
			path = Presenter;
			sourceTree = "<group>";
		};
		655D783D2CB3D2FC00773C64 /* Router */ = {
			isa = PBXGroup;
			children = (
				655D78462CB3D33900773C64 /* ListOperationsRouter.swift */,
			);
			path = Router;
			sourceTree = "<group>";
		};
		655D785B2CB3D6BD00773C64 /* Profile */ = {
			isa = PBXGroup;
			children = (
				655D785C2CB3D6D500773C64 /* Profile.swift */,
				655D785E2CB3D72600773C64 /* Configurator */,
				655D785F2CB3D72900773C64 /* ViewController */,
				655D78602CB3D72C00773C64 /* Presenter */,
				655D78612CB3D72F00773C64 /* Interactor */,
				655D78622CB3D73200773C64 /* Router */,
			);
			path = Profile;
			sourceTree = "<group>";
		};
		655D785E2CB3D72600773C64 /* Configurator */ = {
			isa = PBXGroup;
			children = (
				655D78632CB3D76700773C64 /* ProfileConfigurator.swift */,
			);
			path = Configurator;
			sourceTree = "<group>";
		};
		655D785F2CB3D72900773C64 /* ViewController */ = {
			isa = PBXGroup;
			children = (
				655D78652CB3D76C00773C64 /* ProfileViewController.swift */,
			);
			path = ViewController;
			sourceTree = "<group>";
		};
		655D78602CB3D72C00773C64 /* Presenter */ = {
			isa = PBXGroup;
			children = (
				655D78672CB3D77200773C64 /* ProfilePresenter.swift */,
			);
			path = Presenter;
			sourceTree = "<group>";
		};
		655D78612CB3D72F00773C64 /* Interactor */ = {
			isa = PBXGroup;
			children = (
				655D78692CB3D77700773C64 /* ProfileInteractor.swift */,
			);
			path = Interactor;
			sourceTree = "<group>";
		};
		655D78622CB3D73200773C64 /* Router */ = {
			isa = PBXGroup;
			children = (
				655D786B2CB3D77E00773C64 /* ProfileRouter.swift */,
			);
			path = Router;
			sourceTree = "<group>";
		};
		655D786F2CB3DD8D00773C64 /* Localizable */ = {
			isa = PBXGroup;
			children = (
				655D78702CB3DDD900773C64 /* Localizable.swift */,
				655D786D2CB3DA3700773C64 /* BaseTabBarLocalizable.xcstrings */,
			);
			path = Localizable;
			sourceTree = "<group>";
		};
		655D78722CB3E42800773C64 /* Managers */ = {
			isa = PBXGroup;
			children = (
				655D78752CB3E4CC00773C64 /* CoreDataManager */,
			);
			path = Managers;
			sourceTree = "<group>";
		};
		655D78752CB3E4CC00773C64 /* CoreDataManager */ = {
			isa = PBXGroup;
			children = (
				655D78732CB3E43400773C64 /* CoreDataManagerProtocol.swift */,
				655D78762CB3E4D500773C64 /* CoreDataManager.swift */,
			);
			path = CoreDataManager;
			sourceTree = "<group>";
		};
		655D78782CB3E57E00773C64 /* CoreData */ = {
			isa = PBXGroup;
			children = (
				655D787C2CB3E5BE00773C64 /* PersistentContainer.xcdatamodeld */,
			);
			path = CoreData;
			sourceTree = "<group>";
		};
		655D787F2CB3EACC00773C64 /* UI */ = {
			isa = PBXGroup;
			children = (
				651B2B712CB463F800D8EAF1 /* UIView */,
				655D78BD2CB40AD200773C64 /* UICollectionView */,
				655D78BC2CB40AC800773C64 /* UIColor */,
				655D78BB2CB40AC100773C64 /* UILabel */,
			);
			path = UI;
			sourceTree = "<group>";
		};
		655D78822CB3EB0200773C64 /* Swift */ = {
			isa = PBXGroup;
			children = (
				655D78832CB3EB1200773C64 /* Data+DecodeToColor.swift */,
			);
			path = Swift;
			sourceTree = "<group>";
		};
		655D78952CB3EED000773C64 /* CoreData */ = {
			isa = PBXGroup;
			children = (
				655D78962CB3EED300773C64 /* CategoryEntity */,
				655D78972CB3EEDC00773C64 /* OperationEntity */,
			);
			path = CoreData;
			sourceTree = "<group>";
		};
		655D78962CB3EED300773C64 /* CategoryEntity */ = {
			isa = PBXGroup;
			children = (
				655D78912CB3EEBB00773C64 /* CategoryEntity+CoreDataClass.swift */,
				655D78922CB3EEBB00773C64 /* CategoryEntity+CoreDataProperties.swift */,
			);
			path = CategoryEntity;
			sourceTree = "<group>";
		};
		655D78972CB3EEDC00773C64 /* OperationEntity */ = {
			isa = PBXGroup;
			children = (
				655D78982CB3EEED00773C64 /* OperationEntity+CoreDataClass.swift */,
				655D78992CB3EEED00773C64 /* OperationEntity+CoreDataProperties.swift */,
			);
			path = OperationEntity;
			sourceTree = "<group>";
		};
		655D78A02CB3F1EF00773C64 /* Injected */ = {
			isa = PBXGroup;
			children = (
				655D78A12CB3F1FB00773C64 /* Injected.swift */,
			);
			path = Injected;
			sourceTree = "<group>";
		};
		655D78A82CB3FC0800773C64 /* UICollectionReusableView */ = {
			isa = PBXGroup;
			children = (
				655D78AF2CB3FD0700773C64 /* LargeHeaderReusableView */,
				6564E9072CB66AB700262A90 /* CalendarHeaderReusableView */,
				6564E91D2CB6992100262A90 /* AllOperationsFooterReusableView */,
			);
			path = UICollectionReusableView;
			sourceTree = "<group>";
		};
		655D78AB2CB3FC4600773C64 /* Base */ = {
			isa = PBXGroup;
			children = (
				657A16322CB3A9BC00C6CF1F /* BaseTabBarController */,
				657A16212CB2F4F200C6CF1F /* BaseViewController */,
				655D78AC2CB3FC5000773C64 /* BaseCollectionReusableView */,
				655D78BE2CB40B0300773C64 /* BaseCollectionViewCell */,
				651B2B782CB465E000D8EAF1 /* BaseView */,
			);
			path = Base;
			sourceTree = "<group>";
		};
		655D78AC2CB3FC5000773C64 /* BaseCollectionReusableView */ = {
			isa = PBXGroup;
			children = (
				655D78AD2CB3FC5A00773C64 /* BaseCollectionReusableView.swift */,
			);
			path = BaseCollectionReusableView;
			sourceTree = "<group>";
		};
		655D78AF2CB3FD0700773C64 /* LargeHeaderReusableView */ = {
			isa = PBXGroup;
			children = (
				655D78B02CB3FD8500773C64 /* LargeHeaderReusableViewProtocol.swift */,
				655D78B22CB4060A00773C64 /* LargeHeaderReusableViewDelegate.swift */,
				655D78A92CB3FC3700773C64 /* LargeHeaderReusableView.swift */,
			);
			path = LargeHeaderReusableView;
			sourceTree = "<group>";
		};
		655D78B42CB4085600773C64 /* Typealias */ = {
			isa = PBXGroup;
			children = (
				655D78B52CB4086D00773C64 /* CollectionViewContaining.swift */,
			);
			path = Typealias;
			sourceTree = "<group>";
		};
		655D78B72CB40A5D00773C64 /* Cells */ = {
			isa = PBXGroup;
			children = (
				6564E8F62CB65C1600262A90 /* ListOperationsCalendarDayCell */,
				6564E8F42CB65BD000262A90 /* ListOperationsCategoryCell */,
				6564E9162CB689E800262A90 /* ListOperationsOperationCell */,
			);
			path = Cells;
			sourceTree = "<group>";
		};
		655D78BB2CB40AC100773C64 /* UILabel */ = {
			isa = PBXGroup;
			children = (
				655D78A62CB3F57F00773C64 /* UILabel+ExtractColor.swift */,
			);
			path = UILabel;
			sourceTree = "<group>";
		};
		655D78BC2CB40AC800773C64 /* UIColor */ = {
			isa = PBXGroup;
			children = (
				655D78802CB3EAE900773C64 /* UIColor+EncodeToData.swift */,
			);
			path = UIColor;
			sourceTree = "<group>";
		};
		655D78BD2CB40AD200773C64 /* UICollectionView */ = {
			isa = PBXGroup;
			children = (
				655D78B92CB40ABE00773C64 /* UICollectionView+Register.swift */,
			);
			path = UICollectionView;
			sourceTree = "<group>";
		};
		655D78BE2CB40B0300773C64 /* BaseCollectionViewCell */ = {
			isa = PBXGroup;
			children = (
				655D78BF2CB40B1100773C64 /* BaseCollectionViewCell.swift */,
			);
			path = BaseCollectionViewCell;
			sourceTree = "<group>";
		};
		655D78C12CB40B4300773C64 /* ReusableView */ = {
			isa = PBXGroup;
			children = (
				6564E9102CB6871A00262A90 /* TopRoundedBackgroundView */,
				6564E9132CB6880500262A90 /* BottomRoundedBackgroundView */,
				651B2B7D2CB46F3100D8EAF1 /* RoundedBackgroundView */,
				655D78C22CB40B5800773C64 /* ReusableView.swift */,
			);
			path = ReusableView;
			sourceTree = "<group>";
		};
		655D78C52CB41B5F00773C64 /* UICollectionView */ = {
			isa = PBXGroup;
			children = (
				655D78C62CB41B6800773C64 /* DynamicSections */,
			);
			path = UICollectionView;
			sourceTree = "<group>";
		};
		655D78C62CB41B6800773C64 /* DynamicSections */ = {
			isa = PBXGroup;
			children = (
				655D78C72CB41B7300773C64 /* DynamicSections.swift */,
			);
			path = DynamicSections;
			sourceTree = "<group>";
		};
		6564E8F42CB65BD000262A90 /* ListOperationsCategoryCell */ = {
			isa = PBXGroup;
			children = (
				655D78CD2CB41EE200773C64 /* ListOperationsCategoryCellProtocol.swift */,
				655D78CB2CB41ED400773C64 /* ListOperationsCategoryCellLayout.swift */,
				655D78C92CB41EC400773C64 /* ListOperationsCategoryCell.swift */,
			);
			path = ListOperationsCategoryCell;
			sourceTree = "<group>";
		};
		6564E8F62CB65C1600262A90 /* ListOperationsCalendarDayCell */ = {
			isa = PBXGroup;
			children = (
				6564E8F92CB65C5800262A90 /* ListOperationsCalendarDayCellProtocol.swift */,
				6564E9022CB6625F00262A90 /* ListOperationsCalendarDayCellLayout.swift */,
				6564E8F72CB65C3000262A90 /* ListOperationsCalendarDayCell.swift */,
			);
			path = ListOperationsCalendarDayCell;
			sourceTree = "<group>";
		};
		6564E9072CB66AB700262A90 /* CalendarHeaderReusableView */ = {
			isa = PBXGroup;
			children = (
				6564E9082CB66ACB00262A90 /* CalendarHeaderReusableViewProtocol.swift */,
				6564E90A2CB66AD300262A90 /* CalendarHeaderReusableViewDelegate.swift */,
				6564E90C2CB66ADA00262A90 /* CalendarHeaderReusableView.swift */,
			);
			path = CalendarHeaderReusableView;
			sourceTree = "<group>";
		};
		6564E9102CB6871A00262A90 /* TopRoundedBackgroundView */ = {
			isa = PBXGroup;
			children = (
				6564E9112CB6872700262A90 /* TopRoundedBackgroundView.swift */,
			);
			path = TopRoundedBackgroundView;
			sourceTree = "<group>";
		};
		6564E9132CB6880500262A90 /* BottomRoundedBackgroundView */ = {
			isa = PBXGroup;
			children = (
				6564E9142CB6880C00262A90 /* BottomRoundedBackgroundView.swift */,
			);
			path = BottomRoundedBackgroundView;
			sourceTree = "<group>";
		};
		6564E9162CB689E800262A90 /* ListOperationsOperationCell */ = {
			isa = PBXGroup;
			children = (
				6564E9192CB68A0400262A90 /* ListOperationsOperationCellProtocol.swift */,
				6564E91B2CB692ED00262A90 /* ListOperationsOperationCellLayout.swift */,
				6564E9172CB689F900262A90 /* ListOperationsOperationCell.swift */,
			);
			path = ListOperationsOperationCell;
			sourceTree = "<group>";
		};
		6564E91D2CB6992100262A90 /* AllOperationsFooterReusableView */ = {
			isa = PBXGroup;
			children = (
				6564E9222CB6996700262A90 /* AllOperationsFooterReusableViewProtocol.swift */,
				6564E9202CB6996000262A90 /* AllOperationsFooterReusableViewDelegate.swift */,
				6564E91E2CB6995700262A90 /* AllOperationsFooterReusableView.swift */,
			);
			path = AllOperationsFooterReusableView;
			sourceTree = "<group>";
		};
		6564E9242CB69EE600262A90 /* Animation */ = {
			isa = PBXGroup;
			children = (
				6564E9252CB69EF800262A90 /* UIView+ShakeAnimation.swift */,
			);
			path = Animation;
			sourceTree = "<group>";
		};
		657A15F92CB27C7C00C6CF1F = {
			isa = PBXGroup;
			children = (
				657A16042CB27C7C00C6CF1F /* CoinPulse-iOS */,
				657A16032CB27C7C00C6CF1F /* Products */,
			);
			sourceTree = "<group>";
		};
		657A16032CB27C7C00C6CF1F /* Products */ = {
			isa = PBXGroup;
			children = (
				657A16022CB27C7C00C6CF1F /* CoinPulse-iOS.app */,
			);
			name = Products;
			sourceTree = "<group>";
		};
		657A16042CB27C7C00C6CF1F /* CoinPulse-iOS */ = {
			isa = PBXGroup;
			children = (
				657A161A2CB2F36A00C6CF1F /* Application */,
				657A161D2CB2F3C800C6CF1F /* Common */,
				657A161B2CB2F3A500C6CF1F /* Models */,
				657A161F2CB2F40200C6CF1F /* Scenes */,
				657A161C2CB2F3BC00C6CF1F /* Services */,
				657A16192CB2F35300C6CF1F /* Resources */,
				657A161E2CB2F3E100C6CF1F /* Extensions */,
			);
			path = "CoinPulse-iOS";
			sourceTree = "<group>";
		};
		657A16192CB2F35300C6CF1F /* Resources */ = {
			isa = PBXGroup;
			children = (
				655D786F2CB3DD8D00773C64 /* Localizable */,
				657A160E2CB27C7D00C6CF1F /* Assets.xcassets */,
				657A16132CB27C7D00C6CF1F /* Info.plist */,
				657A16102CB27C7D00C6CF1F /* LaunchScreen.storyboard */,
			);
			path = Resources;
			sourceTree = "<group>";
		};
		657A161A2CB2F36A00C6CF1F /* Application */ = {
			isa = PBXGroup;
			children = (
				657A16052CB27C7C00C6CF1F /* AppDelegate.swift */,
				657A16072CB27C7C00C6CF1F /* SceneDelegate.swift */,
			);
			path = Application;
			sourceTree = "<group>";
		};
		657A161B2CB2F3A500C6CF1F /* Models */ = {
			isa = PBXGroup;
			children = (
				655D78952CB3EED000773C64 /* CoreData */,
				657A16372CB3AACC00C6CF1F /* TabBarItem */,
			);
			path = Models;
			sourceTree = "<group>";
		};
		657A161C2CB2F3BC00C6CF1F /* Services */ = {
			isa = PBXGroup;
			children = (
				655D78782CB3E57E00773C64 /* CoreData */,
				655D78722CB3E42800773C64 /* Managers */,
			);
			path = Services;
			sourceTree = "<group>";
		};
		657A161D2CB2F3C800C6CF1F /* Common */ = {
			isa = PBXGroup;
			children = (
				657A16262CB2F79300C6CF1F /* DI */,
				657A16202CB2F4EC00C6CF1F /* UI */,
				655D78B42CB4085600773C64 /* Typealias */,
			);
			path = Common;
			sourceTree = "<group>";
		};
		657A161E2CB2F3E100C6CF1F /* Extensions */ = {
			isa = PBXGroup;
			children = (
				655D78822CB3EB0200773C64 /* Swift */,
				655D787F2CB3EACC00773C64 /* UI */,
			);
			path = Extensions;
			sourceTree = "<group>";
		};
		657A161F2CB2F40200C6CF1F /* Scenes */ = {
			isa = PBXGroup;
			children = (
				655D78242CB3B16B00773C64 /* AddOperation */,
				655D78362CB3D21B00773C64 /* ListOperations */,
				655D785B2CB3D6BD00773C64 /* Profile */,
			);
			path = Scenes;
			sourceTree = "<group>";
		};
		657A16202CB2F4EC00C6CF1F /* UI */ = {
			isa = PBXGroup;
			children = (
				655D78AB2CB3FC4600773C64 /* Base */,
				655D78C12CB40B4300773C64 /* ReusableView */,
				655D78C52CB41B5F00773C64 /* UICollectionView */,
				655D78A82CB3FC0800773C64 /* UICollectionReusableView */,
				651B2B742CB4658500D8EAF1 /* UIView */,
			);
			path = UI;
			sourceTree = "<group>";
		};
		657A16212CB2F4F200C6CF1F /* BaseViewController */ = {
			isa = PBXGroup;
			children = (
				657A16242CB2F64F00C6CF1F /* BaseViewController.swift */,
			);
			path = BaseViewController;
			sourceTree = "<group>";
		};
		657A16262CB2F79300C6CF1F /* DI */ = {
			isa = PBXGroup;
			children = (
				655D78A02CB3F1EF00773C64 /* Injected */,
				657A16272CB2F83700C6CF1F /* ServiceLocator */,
				657A162F2CB2F92D00C6CF1F /* Module */,
				657A162C2CB2F8A200C6CF1F /* Configurator */,
			);
			path = DI;
			sourceTree = "<group>";
		};
		657A16272CB2F83700C6CF1F /* ServiceLocator */ = {
			isa = PBXGroup;
			children = (
				657A16282CB2F83E00C6CF1F /* ServiceLocatorProtocol.swift */,
				657A162A2CB2F86F00C6CF1F /* ServiceLocator.swift */,
			);
			path = ServiceLocator;
			sourceTree = "<group>";
		};
		657A162C2CB2F8A200C6CF1F /* Configurator */ = {
			isa = PBXGroup;
			children = (
				657A162D2CB2F8A800C6CF1F /* ConfiguratorProtocol.swift */,
			);
			path = Configurator;
			sourceTree = "<group>";
		};
		657A162F2CB2F92D00C6CF1F /* Module */ = {
			isa = PBXGroup;
			children = (
				657A16302CB2F94800C6CF1F /* ModuleProtocol.swift */,
			);
			path = Module;
			sourceTree = "<group>";
		};
		657A16322CB3A9BC00C6CF1F /* BaseTabBarController */ = {
			isa = PBXGroup;
			children = (
				657A16332CB3A9F400C6CF1F /* BaseTabBarController.swift */,
			);
			path = BaseTabBarController;
			sourceTree = "<group>";
		};
		657A16372CB3AACC00C6CF1F /* TabBarItem */ = {
			isa = PBXGroup;
			children = (
				657A16352CB3AA6300C6CF1F /* TabBarItemProtocol.swift */,
				657A16382CB3AAD100C6CF1F /* TabBarItem.swift */,
			);
			path = TabBarItem;
			sourceTree = "<group>";
		};
/* End PBXGroup section */

/* Begin PBXNativeTarget section */
		657A16012CB27C7C00C6CF1F /* CoinPulse-iOS */ = {
			isa = PBXNativeTarget;
			buildConfigurationList = 657A16162CB27C7D00C6CF1F /* Build configuration list for PBXNativeTarget "CoinPulse-iOS" */;
			buildPhases = (
				657A15FE2CB27C7C00C6CF1F /* Sources */,
				657A15FF2CB27C7C00C6CF1F /* Frameworks */,
				657A16002CB27C7C00C6CF1F /* Resources */,
			);
			buildRules = (
			);
			dependencies = (
			);
			name = "CoinPulse-iOS";
			productName = "CoinPulse-iOS";
			productReference = 657A16022CB27C7C00C6CF1F /* CoinPulse-iOS.app */;
			productType = "com.apple.product-type.application";
		};
/* End PBXNativeTarget section */

/* Begin PBXProject section */
		657A15FA2CB27C7C00C6CF1F /* Project object */ = {
			isa = PBXProject;
			attributes = {
				BuildIndependentTargetsInParallel = 1;
				LastSwiftUpdateCheck = 1540;
				LastUpgradeCheck = 1540;
				TargetAttributes = {
					657A16012CB27C7C00C6CF1F = {
						CreatedOnToolsVersion = 15.4;
					};
				};
			};
			buildConfigurationList = 657A15FD2CB27C7C00C6CF1F /* Build configuration list for PBXProject "CoinPulse-iOS" */;
			compatibilityVersion = "Xcode 14.0";
			developmentRegion = en;
			hasScannedForEncodings = 0;
			knownRegions = (
				en,
				Base,
				ru,
			);
			mainGroup = 657A15F92CB27C7C00C6CF1F;
			productRefGroup = 657A16032CB27C7C00C6CF1F /* Products */;
			projectDirPath = "";
			projectRoot = "";
			targets = (
				657A16012CB27C7C00C6CF1F /* CoinPulse-iOS */,
			);
		};
/* End PBXProject section */

/* Begin PBXResourcesBuildPhase section */
		657A16002CB27C7C00C6CF1F /* Resources */ = {
			isa = PBXResourcesBuildPhase;
			buildActionMask = 2147483647;
			files = (
				657A160F2CB27C7D00C6CF1F /* Assets.xcassets in Resources */,
				657A16122CB27C7D00C6CF1F /* Base in Resources */,
				655D786E2CB3DA3700773C64 /* BaseTabBarLocalizable.xcstrings in Resources */,
			);
			runOnlyForDeploymentPostprocessing = 0;
		};
/* End PBXResourcesBuildPhase section */

/* Begin PBXSourcesBuildPhase section */
		657A15FE2CB27C7C00C6CF1F /* Sources */ = {
			isa = PBXSourcesBuildPhase;
			buildActionMask = 2147483647;
			files = (
				655D782F2CB3B4C300773C64 /* AddOperationRouter.swift in Sources */,
				6564E90B2CB66AD300262A90 /* CalendarHeaderReusableViewDelegate.swift in Sources */,
				655D782C2CB3B45500773C64 /* AddOperationViewController.swift in Sources */,
				657A16342CB3A9F400C6CF1F /* BaseTabBarController.swift in Sources */,
				655D785D2CB3D6D500773C64 /* Profile.swift in Sources */,
				651B2B732CB4640100D8EAF1 /* UIView+CornerRadius.swift in Sources */,
				657A16062CB27C7C00C6CF1F /* AppDelegate.swift in Sources */,
				655D78292CB3B1D400773C64 /* AddOperationConfigurator.swift in Sources */,
				657A16392CB3AAD100C6CF1F /* TabBarItem.swift in Sources */,
				657A162B2CB2F86F00C6CF1F /* ServiceLocator.swift in Sources */,
				655D78A72CB3F57F00773C64 /* UILabel+ExtractColor.swift in Sources */,
				6564E9122CB6872700262A90 /* TopRoundedBackgroundView.swift in Sources */,
				655D78CE2CB41EE200773C64 /* ListOperationsCategoryCellProtocol.swift in Sources */,
				655D78B12CB3FD8500773C64 /* LargeHeaderReusableViewProtocol.swift in Sources */,
				6564E9182CB689FA00262A90 /* ListOperationsOperationCell.swift in Sources */,
				655D78C82CB41B7300773C64 /* DynamicSections.swift in Sources */,
				655D789A2CB3EEED00773C64 /* OperationEntity+CoreDataClass.swift in Sources */,
				6564E9092CB66ACB00262A90 /* CalendarHeaderReusableViewProtocol.swift in Sources */,
				655D789B2CB3EEED00773C64 /* OperationEntity+CoreDataProperties.swift in Sources */,
				6564E8FA2CB65C5800262A90 /* ListOperationsCalendarDayCellProtocol.swift in Sources */,
				655D78712CB3DDD900773C64 /* Localizable.swift in Sources */,
				655D78322CB3B4FA00773C64 /* AddOperationInteractor.swift in Sources */,
				6564E9152CB6880C00262A90 /* BottomRoundedBackgroundView.swift in Sources */,
				6564E90D2CB66ADA00262A90 /* CalendarHeaderReusableView.swift in Sources */,
				655D78432CB3D32C00773C64 /* ListOperationsPresenter.swift in Sources */,
				655D78772CB3E4D500773C64 /* CoreDataManager.swift in Sources */,
				655D78352CB3B52400773C64 /* AddOperationPresenter.swift in Sources */,
				655D78CC2CB41ED400773C64 /* ListOperationsCategoryCellLayout.swift in Sources */,
				6564E90F2CB6739200262A90 /* UIColor+BorderColor.swift in Sources */,
				6564E9032CB6625F00262A90 /* ListOperationsCalendarDayCellLayout.swift in Sources */,
				651B2B7C2CB4665700D8EAF1 /* CategoryEmojiViewProtocol.swift in Sources */,
				655D78452CB3D33200773C64 /* ListOperationsInteractor.swift in Sources */,
				655D78842CB3EB1200773C64 /* Data+DecodeToColor.swift in Sources */,
				6564E8F82CB65C3000262A90 /* ListOperationsCalendarDayCell.swift in Sources */,
				655D78A22CB3F1FB00773C64 /* Injected.swift in Sources */,
				6564E91A2CB68A0400262A90 /* ListOperationsOperationCellProtocol.swift in Sources */,
				6564E9232CB6996700262A90 /* AllOperationsFooterReusableViewProtocol.swift in Sources */,
				655D78682CB3D77200773C64 /* ProfilePresenter.swift in Sources */,
				657A16362CB3AA6300C6CF1F /* TabBarItemProtocol.swift in Sources */,
				655D78AA2CB3FC3700773C64 /* LargeHeaderReusableView.swift in Sources */,
				657A16252CB2F64F00C6CF1F /* BaseViewController.swift in Sources */,
				6564E91F2CB6995700262A90 /* AllOperationsFooterReusableView.swift in Sources */,
				657A16312CB2F94800C6CF1F /* ModuleProtocol.swift in Sources */,
				655D78B62CB4086D00773C64 /* CollectionViewContaining.swift in Sources */,
				655D78B32CB4060B00773C64 /* LargeHeaderReusableViewDelegate.swift in Sources */,
				655D78C32CB40B5800773C64 /* ReusableView.swift in Sources */,
				655D78CA2CB41EC400773C64 /* ListOperationsCategoryCell.swift in Sources */,
				655D78AE2CB3FC5A00773C64 /* BaseCollectionReusableView.swift in Sources */,
				655D78472CB3D33900773C64 /* ListOperationsRouter.swift in Sources */,
				655D78642CB3D76700773C64 /* ProfileConfigurator.swift in Sources */,
				6564E9262CB69EF800262A90 /* UIView+ShakeAnimation.swift in Sources */,
				6564E9212CB6996000262A90 /* AllOperationsFooterReusableViewDelegate.swift in Sources */,
				655D78412CB3D32500773C64 /* ListOperationsViewController.swift in Sources */,
				655D78742CB3E43400773C64 /* CoreDataManagerProtocol.swift in Sources */,
				657A162E2CB2F8A800C6CF1F /* ConfiguratorProtocol.swift in Sources */,
				6564E91C2CB692ED00262A90 /* ListOperationsOperationCellLayout.swift in Sources */,
				655D786C2CB3D77E00773C64 /* ProfileRouter.swift in Sources */,
				655D787E2CB3E5BE00773C64 /* PersistentContainer.xcdatamodeld in Sources */,
				655D78BA2CB40ABE00773C64 /* UICollectionView+Register.swift in Sources */,
				651B2B7A2CB465E700D8EAF1 /* BaseView.swift in Sources */,
				655D78382CB3D29600773C64 /* ListOperations.swift in Sources */,
				655D783F2CB3D31C00773C64 /* ListOperationsConfigurator.swift in Sources */,
				655D78262CB3B17E00773C64 /* AddOperation.swift in Sources */,
				655D78812CB3EAE900773C64 /* UIColor+EncodeToData.swift in Sources */,
				655D78C02CB40B1100773C64 /* BaseCollectionViewCell.swift in Sources */,
				651B2B772CB465A000D8EAF1 /* CategoryEmojiView.swift in Sources */,
				655D78662CB3D76C00773C64 /* ProfileViewController.swift in Sources */,
				657A16292CB2F83E00C6CF1F /* ServiceLocatorProtocol.swift in Sources */,
				655D78932CB3EEBB00773C64 /* CategoryEntity+CoreDataClass.swift in Sources */,
				655D78942CB3EEBB00773C64 /* CategoryEntity+CoreDataProperties.swift in Sources */,
				655D786A2CB3D77700773C64 /* ProfileInteractor.swift in Sources */,
				651B2B7F2CB46F3800D8EAF1 /* RoundedBackgroundView.swift in Sources */,
				657A16082CB27C7C00C6CF1F /* SceneDelegate.swift in Sources */,
			);
			runOnlyForDeploymentPostprocessing = 0;
		};
/* End PBXSourcesBuildPhase section */

/* Begin PBXVariantGroup section */
		657A16102CB27C7D00C6CF1F /* LaunchScreen.storyboard */ = {
			isa = PBXVariantGroup;
			children = (
				657A16112CB27C7D00C6CF1F /* Base */,
			);
			name = LaunchScreen.storyboard;
			sourceTree = "<group>";
		};
/* End PBXVariantGroup section */

/* Begin XCBuildConfiguration section */
		657A16142CB27C7D00C6CF1F /* Debug */ = {
			isa = XCBuildConfiguration;
			buildSettings = {
				ALWAYS_SEARCH_USER_PATHS = NO;
				ASSETCATALOG_COMPILER_GENERATE_SWIFT_ASSET_SYMBOL_EXTENSIONS = YES;
				CLANG_ANALYZER_NONNULL = YES;
				CLANG_ANALYZER_NUMBER_OBJECT_CONVERSION = YES_AGGRESSIVE;
				CLANG_CXX_LANGUAGE_STANDARD = "gnu++20";
				CLANG_ENABLE_MODULES = YES;
				CLANG_ENABLE_OBJC_ARC = YES;
				CLANG_ENABLE_OBJC_WEAK = YES;
				CLANG_WARN_BLOCK_CAPTURE_AUTORELEASING = YES;
				CLANG_WARN_BOOL_CONVERSION = YES;
				CLANG_WARN_COMMA = YES;
				CLANG_WARN_CONSTANT_CONVERSION = YES;
				CLANG_WARN_DEPRECATED_OBJC_IMPLEMENTATIONS = YES;
				CLANG_WARN_DIRECT_OBJC_ISA_USAGE = YES_ERROR;
				CLANG_WARN_DOCUMENTATION_COMMENTS = YES;
				CLANG_WARN_EMPTY_BODY = YES;
				CLANG_WARN_ENUM_CONVERSION = YES;
				CLANG_WARN_INFINITE_RECURSION = YES;
				CLANG_WARN_INT_CONVERSION = YES;
				CLANG_WARN_NON_LITERAL_NULL_CONVERSION = YES;
				CLANG_WARN_OBJC_IMPLICIT_RETAIN_SELF = YES;
				CLANG_WARN_OBJC_LITERAL_CONVERSION = YES;
				CLANG_WARN_OBJC_ROOT_CLASS = YES_ERROR;
				CLANG_WARN_QUOTED_INCLUDE_IN_FRAMEWORK_HEADER = YES;
				CLANG_WARN_RANGE_LOOP_ANALYSIS = YES;
				CLANG_WARN_STRICT_PROTOTYPES = YES;
				CLANG_WARN_SUSPICIOUS_MOVE = YES;
				CLANG_WARN_UNGUARDED_AVAILABILITY = YES_AGGRESSIVE;
				CLANG_WARN_UNREACHABLE_CODE = YES;
				CLANG_WARN__DUPLICATE_METHOD_MATCH = YES;
				COPY_PHASE_STRIP = NO;
				DEBUG_INFORMATION_FORMAT = dwarf;
				ENABLE_STRICT_OBJC_MSGSEND = YES;
				ENABLE_TESTABILITY = YES;
				ENABLE_USER_SCRIPT_SANDBOXING = YES;
				GCC_C_LANGUAGE_STANDARD = gnu17;
				GCC_DYNAMIC_NO_PIC = NO;
				GCC_NO_COMMON_BLOCKS = YES;
				GCC_OPTIMIZATION_LEVEL = 0;
				GCC_PREPROCESSOR_DEFINITIONS = (
					"DEBUG=1",
					"$(inherited)",
				);
				GCC_WARN_64_TO_32_BIT_CONVERSION = YES;
				GCC_WARN_ABOUT_RETURN_TYPE = YES_ERROR;
				GCC_WARN_UNDECLARED_SELECTOR = YES;
				GCC_WARN_UNINITIALIZED_AUTOS = YES_AGGRESSIVE;
				GCC_WARN_UNUSED_FUNCTION = YES;
				GCC_WARN_UNUSED_VARIABLE = YES;
				IPHONEOS_DEPLOYMENT_TARGET = 17.5;
				LOCALIZATION_PREFERS_STRING_CATALOGS = YES;
				MTL_ENABLE_DEBUG_INFO = INCLUDE_SOURCE;
				MTL_FAST_MATH = YES;
				ONLY_ACTIVE_ARCH = YES;
				SDKROOT = iphoneos;
				SWIFT_ACTIVE_COMPILATION_CONDITIONS = "DEBUG $(inherited)";
				SWIFT_OPTIMIZATION_LEVEL = "-Onone";
			};
			name = Debug;
		};
		657A16152CB27C7D00C6CF1F /* Release */ = {
			isa = XCBuildConfiguration;
			buildSettings = {
				ALWAYS_SEARCH_USER_PATHS = NO;
				ASSETCATALOG_COMPILER_GENERATE_SWIFT_ASSET_SYMBOL_EXTENSIONS = YES;
				CLANG_ANALYZER_NONNULL = YES;
				CLANG_ANALYZER_NUMBER_OBJECT_CONVERSION = YES_AGGRESSIVE;
				CLANG_CXX_LANGUAGE_STANDARD = "gnu++20";
				CLANG_ENABLE_MODULES = YES;
				CLANG_ENABLE_OBJC_ARC = YES;
				CLANG_ENABLE_OBJC_WEAK = YES;
				CLANG_WARN_BLOCK_CAPTURE_AUTORELEASING = YES;
				CLANG_WARN_BOOL_CONVERSION = YES;
				CLANG_WARN_COMMA = YES;
				CLANG_WARN_CONSTANT_CONVERSION = YES;
				CLANG_WARN_DEPRECATED_OBJC_IMPLEMENTATIONS = YES;
				CLANG_WARN_DIRECT_OBJC_ISA_USAGE = YES_ERROR;
				CLANG_WARN_DOCUMENTATION_COMMENTS = YES;
				CLANG_WARN_EMPTY_BODY = YES;
				CLANG_WARN_ENUM_CONVERSION = YES;
				CLANG_WARN_INFINITE_RECURSION = YES;
				CLANG_WARN_INT_CONVERSION = YES;
				CLANG_WARN_NON_LITERAL_NULL_CONVERSION = YES;
				CLANG_WARN_OBJC_IMPLICIT_RETAIN_SELF = YES;
				CLANG_WARN_OBJC_LITERAL_CONVERSION = YES;
				CLANG_WARN_OBJC_ROOT_CLASS = YES_ERROR;
				CLANG_WARN_QUOTED_INCLUDE_IN_FRAMEWORK_HEADER = YES;
				CLANG_WARN_RANGE_LOOP_ANALYSIS = YES;
				CLANG_WARN_STRICT_PROTOTYPES = YES;
				CLANG_WARN_SUSPICIOUS_MOVE = YES;
				CLANG_WARN_UNGUARDED_AVAILABILITY = YES_AGGRESSIVE;
				CLANG_WARN_UNREACHABLE_CODE = YES;
				CLANG_WARN__DUPLICATE_METHOD_MATCH = YES;
				COPY_PHASE_STRIP = NO;
				DEBUG_INFORMATION_FORMAT = "dwarf-with-dsym";
				ENABLE_NS_ASSERTIONS = NO;
				ENABLE_STRICT_OBJC_MSGSEND = YES;
				ENABLE_USER_SCRIPT_SANDBOXING = YES;
				GCC_C_LANGUAGE_STANDARD = gnu17;
				GCC_NO_COMMON_BLOCKS = YES;
				GCC_WARN_64_TO_32_BIT_CONVERSION = YES;
				GCC_WARN_ABOUT_RETURN_TYPE = YES_ERROR;
				GCC_WARN_UNDECLARED_SELECTOR = YES;
				GCC_WARN_UNINITIALIZED_AUTOS = YES_AGGRESSIVE;
				GCC_WARN_UNUSED_FUNCTION = YES;
				GCC_WARN_UNUSED_VARIABLE = YES;
				IPHONEOS_DEPLOYMENT_TARGET = 17.5;
				LOCALIZATION_PREFERS_STRING_CATALOGS = YES;
				MTL_ENABLE_DEBUG_INFO = NO;
				MTL_FAST_MATH = YES;
				SDKROOT = iphoneos;
				SWIFT_COMPILATION_MODE = wholemodule;
				VALIDATE_PRODUCT = YES;
			};
			name = Release;
		};
		657A16172CB27C7D00C6CF1F /* Debug */ = {
			isa = XCBuildConfiguration;
			buildSettings = {
				ASSETCATALOG_COMPILER_APPICON_NAME = AppIcon;
				CODE_SIGN_STYLE = Automatic;
				CURRENT_PROJECT_VERSION = 1;
				DEVELOPMENT_TEAM = 66STM82H6X;
				GENERATE_INFOPLIST_FILE = YES;
				INFOPLIST_FILE = "CoinPulse-iOS/Resources/Info.plist";
				INFOPLIST_KEY_CFBundleDisplayName = "Coin Pulse";
				INFOPLIST_KEY_LSApplicationCategoryType = "public.app-category.finance";
				INFOPLIST_KEY_UIApplicationSupportsIndirectInputEvents = YES;
				INFOPLIST_KEY_UILaunchStoryboardName = LaunchScreen;
				INFOPLIST_KEY_UISupportedInterfaceOrientations = UIInterfaceOrientationPortrait;
				INFOPLIST_KEY_UISupportedInterfaceOrientations_iPad = "UIInterfaceOrientationLandscapeLeft UIInterfaceOrientationLandscapeRight UIInterfaceOrientationPortrait UIInterfaceOrientationPortraitUpsideDown";
				IPHONEOS_DEPLOYMENT_TARGET = 15.0;
				LD_RUNPATH_SEARCH_PATHS = (
					"$(inherited)",
					"@executable_path/Frameworks",
				);
				MARKETING_VERSION = 1.0;
				PRODUCT_BUNDLE_IDENTIFIER = "com.devbotalov.CoinPulse-iOS";
				PRODUCT_NAME = "$(TARGET_NAME)";
				SUPPORTED_PLATFORMS = "iphoneos iphonesimulator";
				SUPPORTS_MACCATALYST = NO;
				SUPPORTS_MAC_DESIGNED_FOR_IPHONE_IPAD = NO;
				SUPPORTS_XR_DESIGNED_FOR_IPHONE_IPAD = NO;
				SWIFT_EMIT_LOC_STRINGS = YES;
				SWIFT_VERSION = 5.0;
				TARGETED_DEVICE_FAMILY = 1;
			};
			name = Debug;
		};
		657A16182CB27C7D00C6CF1F /* Release */ = {
			isa = XCBuildConfiguration;
			buildSettings = {
				ASSETCATALOG_COMPILER_APPICON_NAME = AppIcon;
				CODE_SIGN_STYLE = Automatic;
				CURRENT_PROJECT_VERSION = 1;
				DEVELOPMENT_TEAM = 66STM82H6X;
				GENERATE_INFOPLIST_FILE = YES;
				INFOPLIST_FILE = "CoinPulse-iOS/Resources/Info.plist";
				INFOPLIST_KEY_CFBundleDisplayName = "Coin Pulse";
				INFOPLIST_KEY_LSApplicationCategoryType = "public.app-category.finance";
				INFOPLIST_KEY_UIApplicationSupportsIndirectInputEvents = YES;
				INFOPLIST_KEY_UILaunchStoryboardName = LaunchScreen;
				INFOPLIST_KEY_UISupportedInterfaceOrientations = UIInterfaceOrientationPortrait;
				INFOPLIST_KEY_UISupportedInterfaceOrientations_iPad = "UIInterfaceOrientationLandscapeLeft UIInterfaceOrientationLandscapeRight UIInterfaceOrientationPortrait UIInterfaceOrientationPortraitUpsideDown";
				IPHONEOS_DEPLOYMENT_TARGET = 15.0;
				LD_RUNPATH_SEARCH_PATHS = (
					"$(inherited)",
					"@executable_path/Frameworks",
				);
				MARKETING_VERSION = 1.0;
				PRODUCT_BUNDLE_IDENTIFIER = "com.devbotalov.CoinPulse-iOS";
				PRODUCT_NAME = "$(TARGET_NAME)";
				SUPPORTED_PLATFORMS = "iphoneos iphonesimulator";
				SUPPORTS_MACCATALYST = NO;
				SUPPORTS_MAC_DESIGNED_FOR_IPHONE_IPAD = NO;
				SUPPORTS_XR_DESIGNED_FOR_IPHONE_IPAD = NO;
				SWIFT_EMIT_LOC_STRINGS = YES;
				SWIFT_VERSION = 5.0;
				TARGETED_DEVICE_FAMILY = 1;
			};
			name = Release;
		};
/* End XCBuildConfiguration section */

/* Begin XCConfigurationList section */
		657A15FD2CB27C7C00C6CF1F /* Build configuration list for PBXProject "CoinPulse-iOS" */ = {
			isa = XCConfigurationList;
			buildConfigurations = (
				657A16142CB27C7D00C6CF1F /* Debug */,
				657A16152CB27C7D00C6CF1F /* Release */,
			);
			defaultConfigurationIsVisible = 0;
			defaultConfigurationName = Release;
		};
		657A16162CB27C7D00C6CF1F /* Build configuration list for PBXNativeTarget "CoinPulse-iOS" */ = {
			isa = XCConfigurationList;
			buildConfigurations = (
				657A16172CB27C7D00C6CF1F /* Debug */,
				657A16182CB27C7D00C6CF1F /* Release */,
			);
			defaultConfigurationIsVisible = 0;
			defaultConfigurationName = Release;
		};
/* End XCConfigurationList section */

/* Begin XCVersionGroup section */
		655D787C2CB3E5BE00773C64 /* PersistentContainer.xcdatamodeld */ = {
			isa = XCVersionGroup;
			children = (
				655D787D2CB3E5BE00773C64 /* PersistentContainer.xcdatamodel */,
			);
			currentVersion = 655D787D2CB3E5BE00773C64 /* PersistentContainer.xcdatamodel */;
			name = PersistentContainer.xcdatamodeld;
			path = "/Users/devbotalov/Documents/CoinPulse-iOS/CoinPulse-iOS/Services/CoreData/PersistentContainer.xcdatamodeld";
			sourceTree = "<group>";
			versionGroupType = wrapper.xcdatamodel;
		};
/* End XCVersionGroup section */
	};
	rootObject = 657A15FA2CB27C7C00C6CF1F /* Project object */;
}
